{
  "nodes": {
    "emacs-overlay": {
      "locked": {
        "lastModified": 1647162387,
        "narHash": "sha256-TK3jhGCsQkzlz43iKwUYk5c1xDZm2LkPn9LxpWczYs8=",
        "owner": "nix-community",
        "repo": "emacs-overlay",
        "rev": "43fa2ef6dc8e0f9dbbbb26564b22b75478b7ef0b",
        "type": "github"
      },
      "original": {
        "owner": "nix-community",
        "repo": "emacs-overlay",
        "type": "github"
      }
    },
    "home-manager": {
      "inputs": {
        "nixpkgs": [
          "nixpkgs"
        ]
      },
      "locked": {
        "lastModified": 1647174789,
        "narHash": "sha256-baXTzUZDx3KQ6PH5SvuiurgCnE417S+Za3q5FtSZiPo=",
        "owner": "rycee",
        "repo": "home-manager",
        "rev": "5d4327cff4a5e54be8ca33d7c8a8dce6bdb64b93",
        "type": "github"
      },
      "original": {
        "owner": "rycee",
        "ref": "master",
        "repo": "home-manager",
        "type": "github"
      }
    },
    "nixpkgs": {
      "locked": {
        "lastModified": 1646955661,
        "narHash": "sha256-AYLta1PubJnrkv15+7G+6ErW5m9NcI9wSdJ+n7pKAe0=",
        "owner": "NixOS",
        "repo": "nixpkgs",
        "rev": "e9545762b032559c27d8ec9141ed63ceca1aa1ac",
        "type": "github"
      },
      "original": {
        "id": "nixpkgs",
        "ref": "nixpkgs-unstable",
        "type": "indirect"
      }
    },
    "nixpkgs-unstable": {
      "locked": {
        "lastModified": 1647184893,
        "narHash": "sha256-GiviPz+jgyHON0poEm0/Egdcy1DCQcTajRQtcaBvPIo=",
        "owner": "NixOS",
        "repo": "nixpkgs",
        "rev": "cf2e8652bcca9ed133e62e7d4f796660f466d623",
        "type": "github"
      },
      "original": {
        "id": "nixpkgs",
        "ref": "master",
        "type": "indirect"
      }
    },
    "root": {
      "inputs": {
        "emacs-overlay": "emacs-overlay",
        "home-manager": "home-manager",
        "nixpkgs": "nixpkgs",
        "nixpkgs-unstable": "nixpkgs-unstable"
      }
    }
  },
  "root": "root",
  "version": 7
}
